// !$*UTF8*$!
{
	archiveVersion = 1;
	classes = {
	};
	objectVersion = 46;
	objects = {

/* Begin PBXBuildFile section */
		CC0027BE1A98586C00760ED3 /* FileSession.m in Sources */ = {isa = PBXBuildFile; fileRef = CC0027BD1A98586C00760ED3 /* FileSession.m */; };
		CC032F891A8D4C2000D16270 /* MasterCell.m in Sources */ = {isa = PBXBuildFile; fileRef = CC032F881A8D4C2000D16270 /* MasterCell.m */; };
		CC46BA301A90138D00FA2715 /* Social.framework in Frameworks */ = {isa = PBXBuildFile; fileRef = CC46BA2F1A90138D00FA2715 /* Social.framework */; settings = {ATTRIBUTES = (Required, ); }; };
		CC54E10A1B0FD1A800D40DC3 /* pageController.m in Sources */ = {isa = PBXBuildFile; fileRef = CC54E1091B0FD1A800D40DC3 /* pageController.m */; };
		CC5786151A9B31FC007BBDC6 /* Chicago.jpg in Resources */ = {isa = PBXBuildFile; fileRef = CC5786141A9B31FC007BBDC6 /* Chicago.jpg */; };
		CC6295881B104ED4006301BA /* DefaultManager.m in Sources */ = {isa = PBXBuildFile; fileRef = CC6295871B104ED4006301BA /* DefaultManager.m */; };
		CC62958E1B1065D5006301BA /* FileSession.m in Sources */ = {isa = PBXBuildFile; fileRef = CC62958D1B1065D5006301BA /* FileSession.m */; };
		CC6295921B106F6D006301BA /* Article.m in Sources */ = {isa = PBXBuildFile; fileRef = CC6295901B106F6D006301BA /* Article.m */; };
		CC6295951B106F98006301BA /* Article.m in Sources */ = {isa = PBXBuildFile; fileRef = CC6295931B106F98006301BA /* Article.m */; };
		CC949A5A1AE737230097C59A /* 1.PNG in Resources */ = {isa = PBXBuildFile; fileRef = CC949A541AE737230097C59A /* 1.PNG */; };
		CC949A5B1AE737230097C59A /* 6.PNG in Resources */ = {isa = PBXBuildFile; fileRef = CC949A551AE737230097C59A /* 6.PNG */; };
		CC949A5C1AE737230097C59A /* 5.PNG in Resources */ = {isa = PBXBuildFile; fileRef = CC949A561AE737230097C59A /* 5.PNG */; };
		CC949A5D1AE737230097C59A /* 3.PNG in Resources */ = {isa = PBXBuildFile; fileRef = CC949A571AE737230097C59A /* 3.PNG */; };
		CC949A5E1AE737230097C59A /* 4.PNG in Resources */ = {isa = PBXBuildFile; fileRef = CC949A581AE737230097C59A /* 4.PNG */; };
		CC949A5F1AE737230097C59A /* 2.PNG in Resources */ = {isa = PBXBuildFile; fileRef = CC949A591AE737230097C59A /* 2.PNG */; };
		CC98605D1A8EA41A00217B10 /* bookmarkTableViewController.m in Sources */ = {isa = PBXBuildFile; fileRef = CC98605C1A8EA41A00217B10 /* bookmarkTableViewController.m */; };
		CCBEE9971B0FB91C000E0307 /* InterfaceController.m in Sources */ = {isa = PBXBuildFile; fileRef = CCBEE9961B0FB91C000E0307 /* InterfaceController.m */; };
		CCBEE99A1B0FB91C000E0307 /* NotificationController.m in Sources */ = {isa = PBXBuildFile; fileRef = CCBEE9991B0FB91C000E0307 /* NotificationController.m */; };
		CCBEE99D1B0FB91C000E0307 /* GlanceController.m in Sources */ = {isa = PBXBuildFile; fileRef = CCBEE99C1B0FB91C000E0307 /* GlanceController.m */; };
		CCBEE99F1B0FB91C000E0307 /* Images.xcassets in Resources */ = {isa = PBXBuildFile; fileRef = CCBEE99E1B0FB91C000E0307 /* Images.xcassets */; };
		CCBEE9A31B0FB91C000E0307 /* Tech Time WatchKit App.app in Resources */ = {isa = PBXBuildFile; fileRef = CCBEE9A21B0FB91C000E0307 /* Tech Time WatchKit App.app */; };
		CCBEE9AB1B0FB91C000E0307 /* Interface.storyboard in Resources */ = {isa = PBXBuildFile; fileRef = CCBEE9A91B0FB91C000E0307 /* Interface.storyboard */; };
		CCBEE9AD1B0FB91C000E0307 /* Images.xcassets in Resources */ = {isa = PBXBuildFile; fileRef = CCBEE9AC1B0FB91C000E0307 /* Images.xcassets */; };
		CCBEE9B01B0FB91C000E0307 /* Tech Time WatchKit Extension.appex in Embed App Extensions */ = {isa = PBXBuildFile; fileRef = CCBEE9901B0FB91C000E0307 /* Tech Time WatchKit Extension.appex */; settings = {ATTRIBUTES = (RemoveHeadersOnCopy, ); }; };
		CCC356DD1A999BF2001CDE17 /* Settings.bundle in Resources */ = {isa = PBXBuildFile; fileRef = CCC356DC1A999BF2001CDE17 /* Settings.bundle */; };
		CCC667741A8B1DE500566932 /* main.m in Sources */ = {isa = PBXBuildFile; fileRef = CCC667731A8B1DE500566932 /* main.m */; };
		CCC667771A8B1DE500566932 /* AppDelegate.m in Sources */ = {isa = PBXBuildFile; fileRef = CCC667761A8B1DE500566932 /* AppDelegate.m */; };
		CCC6677A1A8B1DE500566932 /* MasterViewController.m in Sources */ = {isa = PBXBuildFile; fileRef = CCC667791A8B1DE500566932 /* MasterViewController.m */; };
		CCC6677D1A8B1DE500566932 /* DetailViewController.m in Sources */ = {isa = PBXBuildFile; fileRef = CCC6677C1A8B1DE500566932 /* DetailViewController.m */; };
		CCC667801A8B1DE500566932 /* Main.storyboard in Resources */ = {isa = PBXBuildFile; fileRef = CCC6677E1A8B1DE500566932 /* Main.storyboard */; };
		CCC667821A8B1DE500566932 /* Images.xcassets in Resources */ = {isa = PBXBuildFile; fileRef = CCC667811A8B1DE500566932 /* Images.xcassets */; };
		CCC667851A8B1DE500566932 /* LaunchScreen.xib in Resources */ = {isa = PBXBuildFile; fileRef = CCC667831A8B1DE500566932 /* LaunchScreen.xib */; };
		CCC667911A8B1DE600566932 /* Tech_TimeTests.m in Sources */ = {isa = PBXBuildFile; fileRef = CCC667901A8B1DE600566932 /* Tech_TimeTests.m */; };
		CCD5DBAB1A8C620800D77401 /* SharedNetworking.m in Sources */ = {isa = PBXBuildFile; fileRef = CCD5DBAA1A8C620800D77401 /* SharedNetworking.m */; };
/* End PBXBuildFile section */

/* Begin PBXContainerItemProxy section */
		CCBEE9A41B0FB91C000E0307 /* PBXContainerItemProxy */ = {
			isa = PBXContainerItemProxy;
			containerPortal = CCC667661A8B1DE500566932 /* Project object */;
			proxyType = 1;
			remoteGlobalIDString = CCBEE9A11B0FB91C000E0307;
			remoteInfo = "Tech Time WatchKit App";
		};
		CCBEE9AE1B0FB91C000E0307 /* PBXContainerItemProxy */ = {
			isa = PBXContainerItemProxy;
			containerPortal = CCC667661A8B1DE500566932 /* Project object */;
			proxyType = 1;
			remoteGlobalIDString = CCBEE98F1B0FB91C000E0307;
			remoteInfo = "Tech Time WatchKit Extension";
		};
		CCC6678B1A8B1DE600566932 /* PBXContainerItemProxy */ = {
			isa = PBXContainerItemProxy;
			containerPortal = CCC667661A8B1DE500566932 /* Project object */;
			proxyType = 1;
			remoteGlobalIDString = CCC6676D1A8B1DE500566932;
			remoteInfo = "Tech Time";
		};
/* End PBXContainerItemProxy section */

/* Begin PBXCopyFilesBuildPhase section */
		CCBEE9B71B0FB91C000E0307 /* Embed App Extensions */ = {
			isa = PBXCopyFilesBuildPhase;
			buildActionMask = 2147483647;
			dstPath = "";
			dstSubfolderSpec = 13;
			files = (
				CCBEE9B01B0FB91C000E0307 /* Tech Time WatchKit Extension.appex in Embed App Extensions */,
			);
			name = "Embed App Extensions";
			runOnlyForDeploymentPostprocessing = 0;
		};
/* End PBXCopyFilesBuildPhase section */

/* Begin PBXFileReference section */
		CC0027BC1A98586C00760ED3 /* FileSession.h */ = {isa = PBXFileReference; fileEncoding = 4; lastKnownFileType = sourcecode.c.h; path = FileSession.h; sourceTree = "<group>"; };
		CC0027BD1A98586C00760ED3 /* FileSession.m */ = {isa = PBXFileReference; fileEncoding = 4; lastKnownFileType = sourcecode.c.objc; path = FileSession.m; sourceTree = "<group>"; };
		CC032F871A8D4C2000D16270 /* MasterCell.h */ = {isa = PBXFileReference; fileEncoding = 4; lastKnownFileType = sourcecode.c.h; path = MasterCell.h; sourceTree = "<group>"; };
		CC032F881A8D4C2000D16270 /* MasterCell.m */ = {isa = PBXFileReference; fileEncoding = 4; lastKnownFileType = sourcecode.c.objc; path = MasterCell.m; sourceTree = "<group>"; };
		CC46BA2F1A90138D00FA2715 /* Social.framework */ = {isa = PBXFileReference; lastKnownFileType = wrapper.framework; name = Social.framework; path = System/Library/Frameworks/Social.framework; sourceTree = SDKROOT; };
		CC54E1081B0FD1A800D40DC3 /* pageController.h */ = {isa = PBXFileReference; fileEncoding = 4; lastKnownFileType = sourcecode.c.h; path = pageController.h; sourceTree = "<group>"; };
		CC54E1091B0FD1A800D40DC3 /* pageController.m */ = {isa = PBXFileReference; fileEncoding = 4; lastKnownFileType = sourcecode.c.objc; path = pageController.m; sourceTree = "<group>"; };
		CC54E10B1B0FD7D400D40DC3 /* Tech Time.entitlements */ = {isa = PBXFileReference; lastKnownFileType = text.xml; path = "Tech Time.entitlements"; sourceTree = "<group>"; };
		CC5786141A9B31FC007BBDC6 /* Chicago.jpg */ = {isa = PBXFileReference; lastKnownFileType = image.jpeg; path = Chicago.jpg; sourceTree = "<group>"; };
		CC6295861B104ED4006301BA /* DefaultManager.h */ = {isa = PBXFileReference; fileEncoding = 4; lastKnownFileType = sourcecode.c.h; path = DefaultManager.h; sourceTree = "<group>"; };
		CC6295871B104ED4006301BA /* DefaultManager.m */ = {isa = PBXFileReference; fileEncoding = 4; lastKnownFileType = sourcecode.c.objc; path = DefaultManager.m; sourceTree = "<group>"; };
		CC62958C1B1065D5006301BA /* FileSession.h */ = {isa = PBXFileReference; fileEncoding = 4; lastKnownFileType = sourcecode.c.h; path = FileSession.h; sourceTree = "<group>"; };
		CC62958D1B1065D5006301BA /* FileSession.m */ = {isa = PBXFileReference; fileEncoding = 4; lastKnownFileType = sourcecode.c.objc; path = FileSession.m; sourceTree = "<group>"; };
		CC62958F1B106D91006301BA /* Tech Time WatchKit Extension.entitlements */ = {isa = PBXFileReference; lastKnownFileType = text.xml; path = "Tech Time WatchKit Extension.entitlements"; sourceTree = "<group>"; };
		CC6295901B106F6D006301BA /* Article.m */ = {isa = PBXFileReference; fileEncoding = 4; lastKnownFileType = sourcecode.c.objc; path = Article.m; sourceTree = "<group>"; };
		CC6295911B106F6D006301BA /* Article.h */ = {isa = PBXFileReference; fileEncoding = 4; lastKnownFileType = sourcecode.c.h; path = Article.h; sourceTree = "<group>"; };
		CC6295931B106F98006301BA /* Article.m */ = {isa = PBXFileReference; fileEncoding = 4; lastKnownFileType = sourcecode.c.objc; path = Article.m; sourceTree = "<group>"; };
		CC6295941B106F98006301BA /* Article.h */ = {isa = PBXFileReference; fileEncoding = 4; lastKnownFileType = sourcecode.c.h; path = Article.h; sourceTree = "<group>"; };
		CC949A541AE737230097C59A /* 1.PNG */ = {isa = PBXFileReference; lastKnownFileType = image.png; path = 1.PNG; sourceTree = "<group>"; };
		CC949A551AE737230097C59A /* 6.PNG */ = {isa = PBXFileReference; lastKnownFileType = image.png; path = 6.PNG; sourceTree = "<group>"; };
		CC949A561AE737230097C59A /* 5.PNG */ = {isa = PBXFileReference; lastKnownFileType = image.png; path = 5.PNG; sourceTree = "<group>"; };
		CC949A571AE737230097C59A /* 3.PNG */ = {isa = PBXFileReference; lastKnownFileType = image.png; path = 3.PNG; sourceTree = "<group>"; };
		CC949A581AE737230097C59A /* 4.PNG */ = {isa = PBXFileReference; lastKnownFileType = image.png; path = 4.PNG; sourceTree = "<group>"; };
		CC949A591AE737230097C59A /* 2.PNG */ = {isa = PBXFileReference; lastKnownFileType = image.png; path = 2.PNG; sourceTree = "<group>"; };
		CC98605B1A8EA41A00217B10 /* bookmarkTableViewController.h */ = {isa = PBXFileReference; fileEncoding = 4; lastKnownFileType = sourcecode.c.h; path = bookmarkTableViewController.h; sourceTree = "<group>"; };
		CC98605C1A8EA41A00217B10 /* bookmarkTableViewController.m */ = {isa = PBXFileReference; fileEncoding = 4; lastKnownFileType = sourcecode.c.objc; path = bookmarkTableViewController.m; sourceTree = "<group>"; };
		CCBEE9901B0FB91C000E0307 /* Tech Time WatchKit Extension.appex */ = {isa = PBXFileReference; explicitFileType = "wrapper.app-extension"; includeInIndex = 0; path = "Tech Time WatchKit Extension.appex"; sourceTree = BUILT_PRODUCTS_DIR; };
		CCBEE9931B0FB91C000E0307 /* Info.plist */ = {isa = PBXFileReference; lastKnownFileType = text.plist.xml; path = Info.plist; sourceTree = "<group>"; };
		CCBEE9941B0FB91C000E0307 /* PushNotificationPayload.apns */ = {isa = PBXFileReference; lastKnownFileType = text; path = PushNotificationPayload.apns; sourceTree = "<group>"; };
		CCBEE9951B0FB91C000E0307 /* InterfaceController.h */ = {isa = PBXFileReference; lastKnownFileType = sourcecode.c.h; path = InterfaceController.h; sourceTree = "<group>"; };
		CCBEE9961B0FB91C000E0307 /* InterfaceController.m */ = {isa = PBXFileReference; lastKnownFileType = sourcecode.c.objc; path = InterfaceController.m; sourceTree = "<group>"; };
		CCBEE9981B0FB91C000E0307 /* NotificationController.h */ = {isa = PBXFileReference; lastKnownFileType = sourcecode.c.h; path = NotificationController.h; sourceTree = "<group>"; };
		CCBEE9991B0FB91C000E0307 /* NotificationController.m */ = {isa = PBXFileReference; lastKnownFileType = sourcecode.c.objc; path = NotificationController.m; sourceTree = "<group>"; };
		CCBEE99B1B0FB91C000E0307 /* GlanceController.h */ = {isa = PBXFileReference; lastKnownFileType = sourcecode.c.h; path = GlanceController.h; sourceTree = "<group>"; };
		CCBEE99C1B0FB91C000E0307 /* GlanceController.m */ = {isa = PBXFileReference; lastKnownFileType = sourcecode.c.objc; path = GlanceController.m; sourceTree = "<group>"; };
		CCBEE99E1B0FB91C000E0307 /* Images.xcassets */ = {isa = PBXFileReference; lastKnownFileType = folder.assetcatalog; path = Images.xcassets; sourceTree = "<group>"; };
		CCBEE9A21B0FB91C000E0307 /* Tech Time WatchKit App.app */ = {isa = PBXFileReference; explicitFileType = wrapper.application; includeInIndex = 0; path = "Tech Time WatchKit App.app"; sourceTree = BUILT_PRODUCTS_DIR; };
		CCBEE9A81B0FB91C000E0307 /* Info.plist */ = {isa = PBXFileReference; lastKnownFileType = text.plist.xml; path = Info.plist; sourceTree = "<group>"; };
		CCBEE9AA1B0FB91C000E0307 /* Base */ = {isa = PBXFileReference; lastKnownFileType = file.storyboard; name = Base; path = Base.lproj/Interface.storyboard; sourceTree = "<group>"; };
		CCBEE9AC1B0FB91C000E0307 /* Images.xcassets */ = {isa = PBXFileReference; lastKnownFileType = folder.assetcatalog; path = Images.xcassets; sourceTree = "<group>"; };
		CCC356DC1A999BF2001CDE17 /* Settings.bundle */ = {isa = PBXFileReference; lastKnownFileType = "wrapper.plug-in"; path = Settings.bundle; sourceTree = SOURCE_ROOT; };
		CCC6676E1A8B1DE500566932 /* Tech Time.app */ = {isa = PBXFileReference; explicitFileType = wrapper.application; includeInIndex = 0; path = "Tech Time.app"; sourceTree = BUILT_PRODUCTS_DIR; };
		CCC667721A8B1DE500566932 /* Info.plist */ = {isa = PBXFileReference; lastKnownFileType = text.plist.xml; path = Info.plist; sourceTree = "<group>"; };
		CCC667731A8B1DE500566932 /* main.m */ = {isa = PBXFileReference; lastKnownFileType = sourcecode.c.objc; path = main.m; sourceTree = "<group>"; };
		CCC667751A8B1DE500566932 /* AppDelegate.h */ = {isa = PBXFileReference; lastKnownFileType = sourcecode.c.h; path = AppDelegate.h; sourceTree = "<group>"; };
		CCC667761A8B1DE500566932 /* AppDelegate.m */ = {isa = PBXFileReference; lastKnownFileType = sourcecode.c.objc; path = AppDelegate.m; sourceTree = "<group>"; };
		CCC667781A8B1DE500566932 /* MasterViewController.h */ = {isa = PBXFileReference; lastKnownFileType = sourcecode.c.h; path = MasterViewController.h; sourceTree = "<group>"; };
		CCC667791A8B1DE500566932 /* MasterViewController.m */ = {isa = PBXFileReference; lastKnownFileType = sourcecode.c.objc; path = MasterViewController.m; sourceTree = "<group>"; };
		CCC6677B1A8B1DE500566932 /* DetailViewController.h */ = {isa = PBXFileReference; lastKnownFileType = sourcecode.c.h; path = DetailViewController.h; sourceTree = "<group>"; };
		CCC6677C1A8B1DE500566932 /* DetailViewController.m */ = {isa = PBXFileReference; lastKnownFileType = sourcecode.c.objc; path = DetailViewController.m; sourceTree = "<group>"; };
		CCC6677F1A8B1DE500566932 /* Base */ = {isa = PBXFileReference; lastKnownFileType = file.storyboard; name = Base; path = Base.lproj/Main.storyboard; sourceTree = "<group>"; };
		CCC667811A8B1DE500566932 /* Images.xcassets */ = {isa = PBXFileReference; lastKnownFileType = folder.assetcatalog; path = Images.xcassets; sourceTree = "<group>"; };
		CCC667841A8B1DE500566932 /* Base */ = {isa = PBXFileReference; lastKnownFileType = file.xib; name = Base; path = Base.lproj/LaunchScreen.xib; sourceTree = "<group>"; };
		CCC6678A1A8B1DE600566932 /* Tech TimeTests.xctest */ = {isa = PBXFileReference; explicitFileType = wrapper.cfbundle; includeInIndex = 0; path = "Tech TimeTests.xctest"; sourceTree = BUILT_PRODUCTS_DIR; };
		CCC6678F1A8B1DE600566932 /* Info.plist */ = {isa = PBXFileReference; lastKnownFileType = text.plist.xml; path = Info.plist; sourceTree = "<group>"; };
		CCC667901A8B1DE600566932 /* Tech_TimeTests.m */ = {isa = PBXFileReference; lastKnownFileType = sourcecode.c.objc; path = Tech_TimeTests.m; sourceTree = "<group>"; };
		CCD5DBA91A8C620800D77401 /* SharedNetworking.h */ = {isa = PBXFileReference; fileEncoding = 4; lastKnownFileType = sourcecode.c.h; path = SharedNetworking.h; sourceTree = "<group>"; };
		CCD5DBAA1A8C620800D77401 /* SharedNetworking.m */ = {isa = PBXFileReference; fileEncoding = 4; lastKnownFileType = sourcecode.c.objc; path = SharedNetworking.m; sourceTree = "<group>"; };
/* End PBXFileReference section */

/* Begin PBXFrameworksBuildPhase section */
		CCBEE98D1B0FB91C000E0307 /* Frameworks */ = {
			isa = PBXFrameworksBuildPhase;
			buildActionMask = 2147483647;
			files = (
			);
			runOnlyForDeploymentPostprocessing = 0;
		};
		CCC6676B1A8B1DE500566932 /* Frameworks */ = {
			isa = PBXFrameworksBuildPhase;
			buildActionMask = 2147483647;
			files = (
				CC46BA301A90138D00FA2715 /* Social.framework in Frameworks */,
			);
			runOnlyForDeploymentPostprocessing = 0;
		};
		CCC667871A8B1DE600566932 /* Frameworks */ = {
			isa = PBXFrameworksBuildPhase;
			buildActionMask = 2147483647;
			files = (
			);
			runOnlyForDeploymentPostprocessing = 0;
		};
/* End PBXFrameworksBuildPhase section */

/* Begin PBXGroup section */
		CC032F8A1A8D4C2F00D16270 /* Master */ = {
			isa = PBXGroup;
			children = (
				CC032F871A8D4C2000D16270 /* MasterCell.h */,
				CC032F881A8D4C2000D16270 /* MasterCell.m */,
				CCC667781A8B1DE500566932 /* MasterViewController.h */,
				CCC667791A8B1DE500566932 /* MasterViewController.m */,
			);
			name = Master;
			sourceTree = "<group>";
		};
		CC032F8B1A8D4C4500D16270 /* Detail */ = {
			isa = PBXGroup;
			children = (
				CCC6677B1A8B1DE500566932 /* DetailViewController.h */,
				CCC6677C1A8B1DE500566932 /* DetailViewController.m */,
			);
			name = Detail;
			sourceTree = "<group>";
		};
		CC9860571A8EA39400217B10 /* bookmark */ = {
			isa = PBXGroup;
			children = (
				CC98605B1A8EA41A00217B10 /* bookmarkTableViewController.h */,
				CC98605C1A8EA41A00217B10 /* bookmarkTableViewController.m */,
			);
			name = bookmark;
			sourceTree = "<group>";
		};
		CCBEE9911B0FB91C000E0307 /* Tech Time WatchKit Extension */ = {
			isa = PBXGroup;
			children = (
				CC62958F1B106D91006301BA /* Tech Time WatchKit Extension.entitlements */,
				CC6295931B106F98006301BA /* Article.m */,
				CC6295941B106F98006301BA /* Article.h */,
				CC62958C1B1065D5006301BA /* FileSession.h */,
				CC62958D1B1065D5006301BA /* FileSession.m */,
				CCBEE9951B0FB91C000E0307 /* InterfaceController.h */,
				CCBEE9961B0FB91C000E0307 /* InterfaceController.m */,
				CCBEE9981B0FB91C000E0307 /* NotificationController.h */,
				CCBEE9991B0FB91C000E0307 /* NotificationController.m */,
				CC54E1081B0FD1A800D40DC3 /* pageController.h */,
				CC54E1091B0FD1A800D40DC3 /* pageController.m */,
				CCBEE99B1B0FB91C000E0307 /* GlanceController.h */,
				CCBEE99C1B0FB91C000E0307 /* GlanceController.m */,
				CCBEE99E1B0FB91C000E0307 /* Images.xcassets */,
				CCBEE9921B0FB91C000E0307 /* Supporting Files */,
			);
			path = "Tech Time WatchKit Extension";
			sourceTree = "<group>";
		};
		CCBEE9921B0FB91C000E0307 /* Supporting Files */ = {
			isa = PBXGroup;
			children = (
				CCBEE9931B0FB91C000E0307 /* Info.plist */,
				CCBEE9941B0FB91C000E0307 /* PushNotificationPayload.apns */,
			);
			name = "Supporting Files";
			sourceTree = "<group>";
		};
		CCBEE9A61B0FB91C000E0307 /* Tech Time WatchKit App */ = {
			isa = PBXGroup;
			children = (
				CCBEE9A91B0FB91C000E0307 /* Interface.storyboard */,
				CCBEE9AC1B0FB91C000E0307 /* Images.xcassets */,
				CCBEE9A71B0FB91C000E0307 /* Supporting Files */,
			);
			path = "Tech Time WatchKit App";
			sourceTree = "<group>";
		};
		CCBEE9A71B0FB91C000E0307 /* Supporting Files */ = {
			isa = PBXGroup;
			children = (
				CCBEE9A81B0FB91C000E0307 /* Info.plist */,
			);
			name = "Supporting Files";
			sourceTree = "<group>";
		};
		CCC667651A8B1DE400566932 = {
			isa = PBXGroup;
			children = (
				CC949A541AE737230097C59A /* 1.PNG */,
				CC949A551AE737230097C59A /* 6.PNG */,
				CC949A561AE737230097C59A /* 5.PNG */,
				CC949A571AE737230097C59A /* 3.PNG */,
				CC949A581AE737230097C59A /* 4.PNG */,
				CC949A591AE737230097C59A /* 2.PNG */,
				CC46BA2F1A90138D00FA2715 /* Social.framework */,
				CCC667701A8B1DE500566932 /* Tech Time */,
				CCC6678D1A8B1DE600566932 /* Tech TimeTests */,
				CCBEE9911B0FB91C000E0307 /* Tech Time WatchKit Extension */,
				CCBEE9A61B0FB91C000E0307 /* Tech Time WatchKit App */,
				CCC6676F1A8B1DE500566932 /* Products */,
			);
			sourceTree = "<group>";
		};
		CCC6676F1A8B1DE500566932 /* Products */ = {
			isa = PBXGroup;
			children = (
				CCC6676E1A8B1DE500566932 /* Tech Time.app */,
				CCC6678A1A8B1DE600566932 /* Tech TimeTests.xctest */,
				CCBEE9901B0FB91C000E0307 /* Tech Time WatchKit Extension.appex */,
				CCBEE9A21B0FB91C000E0307 /* Tech Time WatchKit App.app */,
			);
			name = Products;
			sourceTree = "<group>";
		};
		CCC667701A8B1DE500566932 /* Tech Time */ = {
			isa = PBXGroup;
			children = (
				CC54E10B1B0FD7D400D40DC3 /* Tech Time.entitlements */,
				CC0027BC1A98586C00760ED3 /* FileSession.h */,
				CC0027BD1A98586C00760ED3 /* FileSession.m */,
				CC6295861B104ED4006301BA /* DefaultManager.h */,
				CC6295871B104ED4006301BA /* DefaultManager.m */,
				CCD5DBA91A8C620800D77401 /* SharedNetworking.h */,
				CCD5DBAA1A8C620800D77401 /* SharedNetworking.m */,
				CC6295901B106F6D006301BA /* Article.m */,
				CC6295911B106F6D006301BA /* Article.h */,
				CC032F8A1A8D4C2F00D16270 /* Master */,
				CC032F8B1A8D4C4500D16270 /* Detail */,
				CC9860571A8EA39400217B10 /* bookmark */,
				CCC6677E1A8B1DE500566932 /* Main.storyboard */,
				CCC667811A8B1DE500566932 /* Images.xcassets */,
				CCC667831A8B1DE500566932 /* LaunchScreen.xib */,
				CCC667711A8B1DE500566932 /* Supporting Files */,
			);
			path = "Tech Time";
			sourceTree = "<group>";
		};
		CCC667711A8B1DE500566932 /* Supporting Files */ = {
			isa = PBXGroup;
			children = (
				CC5786141A9B31FC007BBDC6 /* Chicago.jpg */,
				CCC356DC1A999BF2001CDE17 /* Settings.bundle */,
				CCC667751A8B1DE500566932 /* AppDelegate.h */,
				CCC667761A8B1DE500566932 /* AppDelegate.m */,
				CCC667721A8B1DE500566932 /* Info.plist */,
				CCC667731A8B1DE500566932 /* main.m */,
			);
			name = "Supporting Files";
			sourceTree = "<group>";
		};
		CCC6678D1A8B1DE600566932 /* Tech TimeTests */ = {
			isa = PBXGroup;
			children = (
				CCC667901A8B1DE600566932 /* Tech_TimeTests.m */,
				CCC6678E1A8B1DE600566932 /* Supporting Files */,
			);
			path = "Tech TimeTests";
			sourceTree = "<group>";
		};
		CCC6678E1A8B1DE600566932 /* Supporting Files */ = {
			isa = PBXGroup;
			children = (
				CCC6678F1A8B1DE600566932 /* Info.plist */,
			);
			name = "Supporting Files";
			sourceTree = "<group>";
		};
/* End PBXGroup section */

/* Begin PBXNativeTarget section */
		CCBEE98F1B0FB91C000E0307 /* Tech Time WatchKit Extension */ = {
			isa = PBXNativeTarget;
			buildConfigurationList = CCBEE9B61B0FB91C000E0307 /* Build configuration list for PBXNativeTarget "Tech Time WatchKit Extension" */;
			buildPhases = (
				CCBEE98C1B0FB91C000E0307 /* Sources */,
				CCBEE98D1B0FB91C000E0307 /* Frameworks */,
				CCBEE98E1B0FB91C000E0307 /* Resources */,
			);
			buildRules = (
			);
			dependencies = (
				CCBEE9A51B0FB91C000E0307 /* PBXTargetDependency */,
			);
			name = "Tech Time WatchKit Extension";
			productName = "Tech Time WatchKit Extension";
			productReference = CCBEE9901B0FB91C000E0307 /* Tech Time WatchKit Extension.appex */;
			productType = "com.apple.product-type.watchkit-extension";
		};
		CCBEE9A11B0FB91C000E0307 /* Tech Time WatchKit App */ = {
			isa = PBXNativeTarget;
			buildConfigurationList = CCBEE9B51B0FB91C000E0307 /* Build configuration list for PBXNativeTarget "Tech Time WatchKit App" */;
			buildPhases = (
				CCBEE9A01B0FB91C000E0307 /* Resources */,
			);
			buildRules = (
			);
			dependencies = (
			);
			name = "Tech Time WatchKit App";
			productName = "Tech Time WatchKit App";
			productReference = CCBEE9A21B0FB91C000E0307 /* Tech Time WatchKit App.app */;
			productType = "com.apple.product-type.application.watchapp";
		};
		CCC6676D1A8B1DE500566932 /* Tech Time */ = {
			isa = PBXNativeTarget;
			buildConfigurationList = CCC667941A8B1DE600566932 /* Build configuration list for PBXNativeTarget "Tech Time" */;
			buildPhases = (
				CCC6676A1A8B1DE500566932 /* Sources */,
				CCC6676B1A8B1DE500566932 /* Frameworks */,
				CCC6676C1A8B1DE500566932 /* Resources */,
				CCBEE9B71B0FB91C000E0307 /* Embed App Extensions */,
			);
			buildRules = (
			);
			dependencies = (
				CCBEE9AF1B0FB91C000E0307 /* PBXTargetDependency */,
			);
			name = "Tech Time";
			productName = "Tech Time";
			productReference = CCC6676E1A8B1DE500566932 /* Tech Time.app */;
			productType = "com.apple.product-type.application";
		};
		CCC667891A8B1DE600566932 /* Tech TimeTests */ = {
			isa = PBXNativeTarget;
			buildConfigurationList = CCC667971A8B1DE600566932 /* Build configuration list for PBXNativeTarget "Tech TimeTests" */;
			buildPhases = (
				CCC667861A8B1DE600566932 /* Sources */,
				CCC667871A8B1DE600566932 /* Frameworks */,
				CCC667881A8B1DE600566932 /* Resources */,
			);
			buildRules = (
			);
			dependencies = (
				CCC6678C1A8B1DE600566932 /* PBXTargetDependency */,
			);
			name = "Tech TimeTests";
			productName = "Tech TimeTests";
			productReference = CCC6678A1A8B1DE600566932 /* Tech TimeTests.xctest */;
			productType = "com.apple.product-type.bundle.unit-test";
		};
/* End PBXNativeTarget section */

/* Begin PBXProject section */
		CCC667661A8B1DE500566932 /* Project object */ = {
			isa = PBXProject;
			attributes = {
				LastUpgradeCheck = 0610;
				ORGANIZATIONNAME = XiaoYifan;
				TargetAttributes = {
					CCBEE98F1B0FB91C000E0307 = {
						CreatedOnToolsVersion = 6.3;
						DevelopmentTeam = 4NPA9YHQ69;
						SystemCapabilities = {
							com.apple.ApplicationGroups.iOS = {
								enabled = 1;
							};
						};
					};
					CCBEE9A11B0FB91C000E0307 = {
						CreatedOnToolsVersion = 6.3;
						DevelopmentTeam = 4NPA9YHQ69;
					};
					CCC6676D1A8B1DE500566932 = {
						CreatedOnToolsVersion = 6.1.1;
						DevelopmentTeam = 4NPA9YHQ69;
						SystemCapabilities = {
							com.apple.ApplicationGroups.iOS = {
								enabled = 1;
							};
						};
					};
					CCC667891A8B1DE600566932 = {
						CreatedOnToolsVersion = 6.1.1;
						TestTargetID = CCC6676D1A8B1DE500566932;
					};
				};
			};
			buildConfigurationList = CCC667691A8B1DE500566932 /* Build configuration list for PBXProject "Tech Time" */;
			compatibilityVersion = "Xcode 3.2";
			developmentRegion = English;
			hasScannedForEncodings = 0;
			knownRegions = (
				en,
				Base,
			);
			mainGroup = CCC667651A8B1DE400566932;
			productRefGroup = CCC6676F1A8B1DE500566932 /* Products */;
			projectDirPath = "";
			projectRoot = "";
			targets = (
				CCC6676D1A8B1DE500566932 /* Tech Time */,
				CCC667891A8B1DE600566932 /* Tech TimeTests */,
				CCBEE98F1B0FB91C000E0307 /* Tech Time WatchKit Extension */,
				CCBEE9A11B0FB91C000E0307 /* Tech Time WatchKit App */,
			);
		};
/* End PBXProject section */

/* Begin PBXResourcesBuildPhase section */
		CCBEE98E1B0FB91C000E0307 /* Resources */ = {
			isa = PBXResourcesBuildPhase;
			buildActionMask = 2147483647;
			files = (
				CCBEE9A31B0FB91C000E0307 /* Tech Time WatchKit App.app in Resources */,
				CCBEE99F1B0FB91C000E0307 /* Images.xcassets in Resources */,
			);
			runOnlyForDeploymentPostprocessing = 0;
		};
		CCBEE9A01B0FB91C000E0307 /* Resources */ = {
			isa = PBXResourcesBuildPhase;
			buildActionMask = 2147483647;
			files = (
				CCBEE9AB1B0FB91C000E0307 /* Interface.storyboard in Resources */,
				CCBEE9AD1B0FB91C000E0307 /* Images.xcassets in Resources */,
			);
			runOnlyForDeploymentPostprocessing = 0;
		};
		CCC6676C1A8B1DE500566932 /* Resources */ = {
			isa = PBXResourcesBuildPhase;
			buildActionMask = 2147483647;
			files = (
				CC949A5F1AE737230097C59A /* 2.PNG in Resources */,
				CC949A5D1AE737230097C59A /* 3.PNG in Resources */,
				CC5786151A9B31FC007BBDC6 /* Chicago.jpg in Resources */,
				CCC356DD1A999BF2001CDE17 /* Settings.bundle in Resources */,
				CCC667801A8B1DE500566932 /* Main.storyboard in Resources */,
				CC949A5B1AE737230097C59A /* 6.PNG in Resources */,
				CC949A5A1AE737230097C59A /* 1.PNG in Resources */,
				CC949A5E1AE737230097C59A /* 4.PNG in Resources */,
				CC949A5C1AE737230097C59A /* 5.PNG in Resources */,
				CCC667851A8B1DE500566932 /* LaunchScreen.xib in Resources */,
				CCC667821A8B1DE500566932 /* Images.xcassets in Resources */,
			);
			runOnlyForDeploymentPostprocessing = 0;
		};
		CCC667881A8B1DE600566932 /* Resources */ = {
			isa = PBXResourcesBuildPhase;
			buildActionMask = 2147483647;
			files = (
			);
			runOnlyForDeploymentPostprocessing = 0;
		};
/* End PBXResourcesBuildPhase section */

/* Begin PBXSourcesBuildPhase section */
		CCBEE98C1B0FB91C000E0307 /* Sources */ = {
			isa = PBXSourcesBuildPhase;
			buildActionMask = 2147483647;
			files = (
				CC54E10A1B0FD1A800D40DC3 /* pageController.m in Sources */,
				CCBEE99A1B0FB91C000E0307 /* NotificationController.m in Sources */,
				CC6295951B106F98006301BA /* Article.m in Sources */,
				CCBEE9971B0FB91C000E0307 /* InterfaceController.m in Sources */,
				CCBEE99D1B0FB91C000E0307 /* GlanceController.m in Sources */,
				CC62958E1B1065D5006301BA /* FileSession.m in Sources */,
			);
			runOnlyForDeploymentPostprocessing = 0;
		};
		CCC6676A1A8B1DE500566932 /* Sources */ = {
			isa = PBXSourcesBuildPhase;
			buildActionMask = 2147483647;
			files = (
				CC6295921B106F6D006301BA /* Article.m in Sources */,
				CCC667771A8B1DE500566932 /* AppDelegate.m in Sources */,
				CCC6677A1A8B1DE500566932 /* MasterViewController.m in Sources */,
				CCD5DBAB1A8C620800D77401 /* SharedNetworking.m in Sources */,
				CC032F891A8D4C2000D16270 /* MasterCell.m in Sources */,
				CCC667741A8B1DE500566932 /* main.m in Sources */,
				CC98605D1A8EA41A00217B10 /* bookmarkTableViewController.m in Sources */,
				CC0027BE1A98586C00760ED3 /* FileSession.m in Sources */,
				CCC6677D1A8B1DE500566932 /* DetailViewController.m in Sources */,
				CC6295881B104ED4006301BA /* DefaultManager.m in Sources */,
			);
			runOnlyForDeploymentPostprocessing = 0;
		};
		CCC667861A8B1DE600566932 /* Sources */ = {
			isa = PBXSourcesBuildPhase;
			buildActionMask = 2147483647;
			files = (
				CCC667911A8B1DE600566932 /* Tech_TimeTests.m in Sources */,
			);
			runOnlyForDeploymentPostprocessing = 0;
		};
/* End PBXSourcesBuildPhase section */

/* Begin PBXTargetDependency section */
		CCBEE9A51B0FB91C000E0307 /* PBXTargetDependency */ = {
			isa = PBXTargetDependency;
			target = CCBEE9A11B0FB91C000E0307 /* Tech Time WatchKit App */;
			targetProxy = CCBEE9A41B0FB91C000E0307 /* PBXContainerItemProxy */;
		};
		CCBEE9AF1B0FB91C000E0307 /* PBXTargetDependency */ = {
			isa = PBXTargetDependency;
			target = CCBEE98F1B0FB91C000E0307 /* Tech Time WatchKit Extension */;
			targetProxy = CCBEE9AE1B0FB91C000E0307 /* PBXContainerItemProxy */;
		};
		CCC6678C1A8B1DE600566932 /* PBXTargetDependency */ = {
			isa = PBXTargetDependency;
			target = CCC6676D1A8B1DE500566932 /* Tech Time */;
			targetProxy = CCC6678B1A8B1DE600566932 /* PBXContainerItemProxy */;
		};
/* End PBXTargetDependency section */

/* Begin PBXVariantGroup section */
		CCBEE9A91B0FB91C000E0307 /* Interface.storyboard */ = {
			isa = PBXVariantGroup;
			children = (
				CCBEE9AA1B0FB91C000E0307 /* Base */,
			);
			name = Interface.storyboard;
			sourceTree = "<group>";
		};
		CCC6677E1A8B1DE500566932 /* Main.storyboard */ = {
			isa = PBXVariantGroup;
			children = (
				CCC6677F1A8B1DE500566932 /* Base */,
			);
			name = Main.storyboard;
			sourceTree = "<group>";
		};
		CCC667831A8B1DE500566932 /* LaunchScreen.xib */ = {
			isa = PBXVariantGroup;
			children = (
				CCC667841A8B1DE500566932 /* Base */,
			);
			name = LaunchScreen.xib;
			sourceTree = "<group>";
		};
/* End PBXVariantGroup section */

/* Begin XCBuildConfiguration section */
		CCBEE9B11B0FB91C000E0307 /* Debug */ = {
			isa = XCBuildConfiguration;
			buildSettings = {
				CODE_SIGN_ENTITLEMENTS = "Tech Time WatchKit Extension/Tech Time WatchKit Extension.entitlements";
				CODE_SIGN_IDENTITY = "iPhone Developer";
				"CODE_SIGN_IDENTITY[sdk=iphoneos*]" = "iPhone Developer";
				DEBUG_INFORMATION_FORMAT = "dwarf-with-dsym";
				GCC_NO_COMMON_BLOCKS = YES;
				GCC_PREPROCESSOR_DEFINITIONS = (
					"DEBUG=1",
					"$(inherited)",
				);
				INFOPLIST_FILE = "Tech Time WatchKit Extension/Info.plist";
				IPHONEOS_DEPLOYMENT_TARGET = 8.2;
				LD_RUNPATH_SEARCH_PATHS = "$(inherited) @executable_path/Frameworks @executable_path/../../Frameworks";
				PRODUCT_NAME = "${TARGET_NAME}";
				PROVISIONING_PROFILE = "";
				SKIP_INSTALL = YES;
			};
			name = Debug;
		};
		CCBEE9B21B0FB91C000E0307 /* Release */ = {
			isa = XCBuildConfiguration;
			buildSettings = {
				CODE_SIGN_ENTITLEMENTS = "Tech Time WatchKit Extension/Tech Time WatchKit Extension.entitlements";
				CODE_SIGN_IDENTITY = "iPhone Developer";
				"CODE_SIGN_IDENTITY[sdk=iphoneos*]" = "iPhone Developer";
				COPY_PHASE_STRIP = NO;
				DEBUG_INFORMATION_FORMAT = "dwarf-with-dsym";
				GCC_NO_COMMON_BLOCKS = YES;
				INFOPLIST_FILE = "Tech Time WatchKit Extension/Info.plist";
				IPHONEOS_DEPLOYMENT_TARGET = 8.2;
				LD_RUNPATH_SEARCH_PATHS = "$(inherited) @executable_path/Frameworks @executable_path/../../Frameworks";
				PRODUCT_NAME = "${TARGET_NAME}";
				PROVISIONING_PROFILE = "";
				SKIP_INSTALL = YES;
			};
			name = Release;
		};
		CCBEE9B31B0FB91C000E0307 /* Debug */ = {
			isa = XCBuildConfiguration;
			buildSettings = {
				ASSETCATALOG_COMPILER_APPICON_NAME = AppIcon;
				CODE_SIGN_IDENTITY = "iPhone Developer";
				DEBUG_INFORMATION_FORMAT = "dwarf-with-dsym";
				GCC_NO_COMMON_BLOCKS = YES;
				GCC_PREPROCESSOR_DEFINITIONS = (
					"DEBUG=1",
					"$(inherited)",
				);
				IBSC_MODULE = Tech_Time_WatchKit_Extension;
				INFOPLIST_FILE = "Tech Time WatchKit App/Info.plist";
				IPHONEOS_DEPLOYMENT_TARGET = 8.2;
				PRODUCT_NAME = "$(TARGET_NAME)";
				SKIP_INSTALL = YES;
				TARGETED_DEVICE_FAMILY = 4;
				"TARGETED_DEVICE_FAMILY[sdk=iphonesimulator*]" = "1,4";
			};
			name = Debug;
		};
		CCBEE9B41B0FB91C000E0307 /* Release */ = {
			isa = XCBuildConfiguration;
			buildSettings = {
				ASSETCATALOG_COMPILER_APPICON_NAME = AppIcon;
				CODE_SIGN_IDENTITY = "iPhone Developer";
				COPY_PHASE_STRIP = NO;
				DEBUG_INFORMATION_FORMAT = "dwarf-with-dsym";
				GCC_NO_COMMON_BLOCKS = YES;
				IBSC_MODULE = Tech_Time_WatchKit_Extension;
				INFOPLIST_FILE = "Tech Time WatchKit App/Info.plist";
				IPHONEOS_DEPLOYMENT_TARGET = 8.2;
				PRODUCT_NAME = "$(TARGET_NAME)";
				SKIP_INSTALL = YES;
				TARGETED_DEVICE_FAMILY = 4;
				"TARGETED_DEVICE_FAMILY[sdk=iphonesimulator*]" = "1,4";
			};
			name = Release;
		};
		CCC667921A8B1DE600566932 /* Debug */ = {
			isa = XCBuildConfiguration;
			buildSettings = {
				ALWAYS_SEARCH_USER_PATHS = NO;
				CLANG_CXX_LANGUAGE_STANDARD = "gnu++0x";
				CLANG_CXX_LIBRARY = "libc++";
				CLANG_ENABLE_MODULES = YES;
				CLANG_ENABLE_OBJC_ARC = YES;
				CLANG_WARN_BOOL_CONVERSION = YES;
				CLANG_WARN_CONSTANT_CONVERSION = YES;
				CLANG_WARN_DIRECT_OBJC_ISA_USAGE = YES_ERROR;
				CLANG_WARN_EMPTY_BODY = YES;
				CLANG_WARN_ENUM_CONVERSION = YES;
				CLANG_WARN_INT_CONVERSION = YES;
				CLANG_WARN_OBJC_ROOT_CLASS = YES_ERROR;
				CLANG_WARN_UNREACHABLE_CODE = YES;
				CLANG_WARN__DUPLICATE_METHOD_MATCH = YES;
				"CODE_SIGN_IDENTITY[sdk=iphoneos*]" = "iPhone Developer";
				COPY_PHASE_STRIP = NO;
				ENABLE_STRICT_OBJC_MSGSEND = YES;
				GCC_C_LANGUAGE_STANDARD = gnu99;
				GCC_DYNAMIC_NO_PIC = NO;
				GCC_OPTIMIZATION_LEVEL = 0;
				GCC_PREPROCESSOR_DEFINITIONS = (
					"DEBUG=1",
					"$(inherited)",
				);
				GCC_SYMBOLS_PRIVATE_EXTERN = NO;
				GCC_WARN_64_TO_32_BIT_CONVERSION = YES;
				GCC_WARN_ABOUT_RETURN_TYPE = YES_ERROR;
				GCC_WARN_UNDECLARED_SELECTOR = YES;
				GCC_WARN_UNINITIALIZED_AUTOS = YES_AGGRESSIVE;
				GCC_WARN_UNUSED_FUNCTION = YES;
				GCC_WARN_UNUSED_VARIABLE = YES;
				IPHONEOS_DEPLOYMENT_TARGET = 8.2;
				MTL_ENABLE_DEBUG_INFO = YES;
				ONLY_ACTIVE_ARCH = YES;
				SDKROOT = iphoneos;
				TARGETED_DEVICE_FAMILY = "1,2";
			};
			name = Debug;
		};
		CCC667931A8B1DE600566932 /* Release */ = {
			isa = XCBuildConfiguration;
			buildSettings = {
				ALWAYS_SEARCH_USER_PATHS = NO;
				CLANG_CXX_LANGUAGE_STANDARD = "gnu++0x";
				CLANG_CXX_LIBRARY = "libc++";
				CLANG_ENABLE_MODULES = YES;
				CLANG_ENABLE_OBJC_ARC = YES;
				CLANG_WARN_BOOL_CONVERSION = YES;
				CLANG_WARN_CONSTANT_CONVERSION = YES;
				CLANG_WARN_DIRECT_OBJC_ISA_USAGE = YES_ERROR;
				CLANG_WARN_EMPTY_BODY = YES;
				CLANG_WARN_ENUM_CONVERSION = YES;
				CLANG_WARN_INT_CONVERSION = YES;
				CLANG_WARN_OBJC_ROOT_CLASS = YES_ERROR;
				CLANG_WARN_UNREACHABLE_CODE = YES;
				CLANG_WARN__DUPLICATE_METHOD_MATCH = YES;
				"CODE_SIGN_IDENTITY[sdk=iphoneos*]" = "iPhone Developer";
				COPY_PHASE_STRIP = YES;
				ENABLE_NS_ASSERTIONS = NO;
				ENABLE_STRICT_OBJC_MSGSEND = YES;
				GCC_C_LANGUAGE_STANDARD = gnu99;
				GCC_WARN_64_TO_32_BIT_CONVERSION = YES;
				GCC_WARN_ABOUT_RETURN_TYPE = YES_ERROR;
				GCC_WARN_UNDECLARED_SELECTOR = YES;
				GCC_WARN_UNINITIALIZED_AUTOS = YES_AGGRESSIVE;
				GCC_WARN_UNUSED_FUNCTION = YES;
				GCC_WARN_UNUSED_VARIABLE = YES;
				IPHONEOS_DEPLOYMENT_TARGET = 8.2;
				MTL_ENABLE_DEBUG_INFO = NO;
				SDKROOT = iphoneos;
				TARGETED_DEVICE_FAMILY = "1,2";
				VALIDATE_PRODUCT = YES;
			};
			name = Release;
		};
		CCC667951A8B1DE600566932 /* Debug */ = {
			isa = XCBuildConfiguration;
			buildSettings = {
				ASSETCATALOG_COMPILER_APPICON_NAME = AppIcon;
				ASSETCATALOG_COMPILER_LAUNCHIMAGE_NAME = "";
				CODE_SIGN_ENTITLEMENTS = "Tech Time/Tech Time.entitlements";
				CODE_SIGN_IDENTITY = "iPhone Developer";
				"CODE_SIGN_IDENTITY[sdk=iphoneos*]" = "iPhone Developer";
				INFOPLIST_FILE = "Tech Time/Info.plist";
				IPHONEOS_DEPLOYMENT_TARGET = 8.2;
				LD_RUNPATH_SEARCH_PATHS = "$(inherited) @executable_path/Frameworks";
				PRODUCT_NAME = "$(TARGET_NAME)";
				PROVISIONING_PROFILE = "";
				TARGETED_DEVICE_FAMILY = "1,2";
			};
			name = Debug;
		};
		CCC667961A8B1DE600566932 /* Release */ = {
			isa = XCBuildConfiguration;
			buildSettings = {
				ASSETCATALOG_COMPILER_APPICON_NAME = AppIcon;
				ASSETCATALOG_COMPILER_LAUNCHIMAGE_NAME = "";
				CODE_SIGN_ENTITLEMENTS = "Tech Time/Tech Time.entitlements";
				CODE_SIGN_IDENTITY = "iPhone Developer";
				"CODE_SIGN_IDENTITY[sdk=iphoneos*]" = "iPhone Developer";
				INFOPLIST_FILE = "Tech Time/Info.plist";
				IPHONEOS_DEPLOYMENT_TARGET = 8.2;
				LD_RUNPATH_SEARCH_PATHS = "$(inherited) @executable_path/Frameworks";
				PRODUCT_NAME = "$(TARGET_NAME)";
				PROVISIONING_PROFILE = "";
				TARGETED_DEVICE_FAMILY = "1,2";
			};
			name = Release;
		};
		CCC667981A8B1DE600566932 /* Debug */ = {
			isa = XCBuildConfiguration;
			buildSettings = {
				BUNDLE_LOADER = "$(TEST_HOST)";
				FRAMEWORK_SEARCH_PATHS = (
					"$(SDKROOT)/Developer/Library/Frameworks",
					"$(inherited)",
				);
				GCC_PREPROCESSOR_DEFINITIONS = (
					"DEBUG=1",
					"$(inherited)",
				);
				INFOPLIST_FILE = "Tech TimeTests/Info.plist";
				LD_RUNPATH_SEARCH_PATHS = "$(inherited) @executable_path/Frameworks @loader_path/Frameworks";
				PRODUCT_NAME = "$(TARGET_NAME)";
				TEST_HOST = "$(BUILT_PRODUCTS_DIR)/Tech Time.app/Tech Time";
			};
			name = Debug;
		};
		CCC667991A8B1DE600566932 /* Release */ = {
			isa = XCBuildConfiguration;
			buildSettings = {
				BUNDLE_LOADER = "$(TEST_HOST)";
				FRAMEWORK_SEARCH_PATHS = (
					"$(SDKROOT)/Developer/Library/Frameworks",
					"$(inherited)",
				);
				INFOPLIST_FILE = "Tech TimeTests/Info.plist";
				LD_RUNPATH_SEARCH_PATHS = "$(inherited) @executable_path/Frameworks @loader_path/Frameworks";
				PRODUCT_NAME = "$(TARGET_NAME)";
				TEST_HOST = "$(BUILT_PRODUCTS_DIR)/Tech Time.app/Tech Time";
			};
			name = Release;
		};
/* End XCBuildConfiguration section */

/* Begin XCConfigurationList section */
		CCBEE9B51B0FB91C000E0307 /* Build configuration list for PBXNativeTarget "Tech Time WatchKit App" */ = {
			isa = XCConfigurationList;
			buildConfigurations = (
				CCBEE9B31B0FB91C000E0307 /* Debug */,
				CCBEE9B41B0FB91C000E0307 /* Release */,
			);
			defaultConfigurationIsVisible = 0;
			defaultConfigurationName = Release;
		};
		CCBEE9B61B0FB91C000E0307 /* Build configuration list for PBXNativeTarget "Tech Time WatchKit Extension" */ = {
			isa = XCConfigurationList;
			buildConfigurations = (
				CCBEE9B11B0FB91C000E0307 /* Debug */,
				CCBEE9B21B0FB91C000E0307 /* Release */,
			);
			defaultConfigurationIsVisible = 0;
			defaultConfigurationName = Release;
		};
		CCC667691A8B1DE500566932 /* Build configuration list for PBXProject "Tech Time" */ = {
			isa = XCConfigurationList;
			buildConfigurations = (
				CCC667921A8B1DE600566932 /* Debug */,
				CCC667931A8B1DE600566932 /* Release */,
			);
			defaultConfigurationIsVisible = 0;
			defaultConfigurationName = Release;
		};
		CCC667941A8B1DE600566932 /* Build configuration list for PBXNativeTarget "Tech Time" */ = {
			isa = XCConfigurationList;
			buildConfigurations = (
				CCC667951A8B1DE600566932 /* Debug */,
				CCC667961A8B1DE600566932 /* Release */,
			);
			defaultConfigurationIsVisible = 0;
			defaultConfigurationName = Release;
		};
		CCC667971A8B1DE600566932 /* Build configuration list for PBXNativeTarget "Tech TimeTests" */ = {
			isa = XCConfigurationList;
			buildConfigurations = (
				CCC667981A8B1DE600566932 /* Debug */,
				CCC667991A8B1DE600566932 /* Release */,
			);
			defaultConfigurationIsVisible = 0;
			defaultConfigurationName = Release;
		};
/* End XCConfigurationList section */
	};
	rootObject = CCC667661A8B1DE500566932 /* Project object */;
}
